{
  "version": "5",
  "specifiers": {
    "jsr:@srdjan/mixon@^1.0.2": "1.0.6",
    "npm:arktype@2.1.19": "2.1.19",
    "npm:mono-jsx@~0.6.6": "0.6.6"
  },
  "jsr": {
    "@srdjan/mixon@1.0.6": {
      "integrity": "cb13aa18d5a5140ff2fa1c76541a148ef61640fd247aba5e31d8783e582b7be0",
      "dependencies": [
        "npm:arktype"
      ]
    }
  },
  "npm": {
    "@ark/schema@0.45.9": {
      "integrity": "sha512-rG0v/JI0sibn/0wERAHTYVLCtEqoMP2IIlxnb+S5DrEjCI5wpubbZSWMDW50tZ8tV6FANu6zzHDeeKbp6lsZdg==",
      "dependencies": [
        "@ark/util"
      ]
    },
    "@ark/util@0.45.9": {
      "integrity": "sha512-0WYNAb8aRGp7dNt6xIvIrRzL7V1XL3u3PK2vcklhtTrdaP235DjC9qJhzidrxtWr68mA5ySSjUrgrXk622bKkw=="
    },
    "arktype@2.1.19": {
      "integrity": "sha512-notORSuTSpfLV7rq0kYC4mTgIVlVR0xQuvtFxOaE9aKiXyON/kgoIBwZZcKeSSb4BebNcfJoGlxJicAUl/HMdw==",
      "dependencies": [
        "@ark/schema",
        "@ark/util"
      ]
    },
    "mono-jsx@0.6.6": {
      "integrity": "sha512-tYBB7k5Qr8uV4jwA8aHyKzjPDlEyB/uQl4ceevTBy27dqxTIpDQ1rpAX24zDbinT7hMgaVM8BtKnuF6hsfCWNQ==",
      "bin": true
    }
  },
  "redirects": {
    "https://deno.land/std/yaml/mod.ts": "https://deno.land/std@0.224.0/yaml/mod.ts",
    "https://esm.sh/highlight.js/private": "https://esm.sh/highlight.js@11.11.1/private"
  },
  "remote": {
    "https://deno.land/std@0.224.0/yaml/_dumper/dumper.ts": "08b595b40841a2e1c75303f5096392323b6baf8e9662430a91e3b36fbe175fe9",
    "https://deno.land/std@0.224.0/yaml/_dumper/dumper_state.ts": "9e29f700ea876ed230b43f11fa006fcb1a62eedc1e27d32baaeaf3210f19f1e7",
    "https://deno.land/std@0.224.0/yaml/_error.ts": "f38cdebdb69cde16903d9aa2f3b8a3dd9d13e5f7f3570bf662bfaca69fef669e",
    "https://deno.land/std@0.224.0/yaml/_loader/loader.ts": "bf9e8a99770b59bc887b43ebccea108cbe9146ae32d91f7ce558d62c946d3fe3",
    "https://deno.land/std@0.224.0/yaml/_loader/loader_state.ts": "ee216de6040551940b85473c3185fdb7a6f3030b77153f87a6b7f63f82e489ea",
    "https://deno.land/std@0.224.0/yaml/_mark.ts": "61097a614857fcebf7b2ecad057916d74c90cd160117a33c9e74bac60457410a",
    "https://deno.land/std@0.224.0/yaml/_state.ts": "f3b1c1fd11860302f1f33e35e9ce089bf069d4943e8d67516cd6bedbba058c13",
    "https://deno.land/std@0.224.0/yaml/_type/binary.ts": "f1a6e1d83dcc52b21cc3639cd98be44051cfc54065cc4f2a42065bce07ebc07d",
    "https://deno.land/std@0.224.0/yaml/_type/bool.ts": "121743b23ba82a27ad6a3ec6298c7f5b0908f90e52707f8644a91f7ad51ed2ef",
    "https://deno.land/std@0.224.0/yaml/_type/float.ts": "c5ed84b0aec1ec5dc05f6abfaaff672e8890d4d44a42120b4445c9754fca4eba",
    "https://deno.land/std@0.224.0/yaml/_type/function.ts": "bbf705058942bf3370604b37eb77a10aadd72f986c237c9f69b43378a42202c1",
    "https://deno.land/std@0.224.0/yaml/_type/int.ts": "c2dc88438a60fccc8d2226042bd18b9967753adaf6bd145feb8b99d567e432ce",
    "https://deno.land/std@0.224.0/yaml/_type/map.ts": "ae2acb1cb837fb8e96c75c98611cfd45af847d0114ab5336333c318e7d4b12f4",
    "https://deno.land/std@0.224.0/yaml/_type/merge.ts": "ad0d971f91d2fb9f4ab3eba0c837eae357b1804d6b798adc99dc917bc5306b11",
    "https://deno.land/std@0.224.0/yaml/_type/mod.ts": "e8929d7b1c969a74f76338d4eb380ef8c4a26cd6441117d521f076b766e9c265",
    "https://deno.land/std@0.224.0/yaml/_type/nil.ts": "cbe4387d02d5933322c21b25d8955c5e6228c492e391a6fb82dcf4f498cc421c",
    "https://deno.land/std@0.224.0/yaml/_type/omap.ts": "cda915105ab22ba9e1d6317adacee8eec2d8ddaf864cc2f814e3e476946e72c6",
    "https://deno.land/std@0.224.0/yaml/_type/pairs.ts": "dd39bb44c1b9abaf6172c63f73350475933151f07e05253b81f7860c9b507177",
    "https://deno.land/std@0.224.0/yaml/_type/regexp.ts": "e49eb9e1c9356fd142bc15f7f323820d411fcc537b5ba3896df9a8b812d270a4",
    "https://deno.land/std@0.224.0/yaml/_type/seq.ts": "2deffc7f970869bc01a1541b4961d076329a1c2b30b95e07918f3132db7c3fe2",
    "https://deno.land/std@0.224.0/yaml/_type/set.ts": "be8a9e7237a7ffc92dfbe7f5e552d84b7eeba60f3f73cc77fc3c59d3506c74ea",
    "https://deno.land/std@0.224.0/yaml/_type/str.ts": "88f0a1ba12295520cd57e96cd78d53aa0787d53c7a1c506155f418c496c2f550",
    "https://deno.land/std@0.224.0/yaml/_type/timestamp.ts": "277a41a40fb93c3b2b3f5c373bf11b0b7856cc6a7b919e8ea130755e4029edc5",
    "https://deno.land/std@0.224.0/yaml/_type/undefined.ts": "9d215953c65740f1764e0bdca021007573473f0c49e087f00d9ff02817ecfc97",
    "https://deno.land/std@0.224.0/yaml/_utils.ts": "91bbe28b5e7000b9594e40ff5353f8fe7a7ba914eec917e1202cbaf5ac931c58",
    "https://deno.land/std@0.224.0/yaml/mod.ts": "54e9bfad77c8cd58f49b65f4d568045ff08989ed36318a2ca733a43cb6f1bc00",
    "https://deno.land/std@0.224.0/yaml/parse.ts": "f45278d9ebccb789af4eceeffa5c291e194bcf1fa9aab1b34ff52c2bd4a9d886",
    "https://deno.land/std@0.224.0/yaml/schema.ts": "a0f7956d997852b5d1c6564bd73eb7352175cfba439707ac819b65b5a2ec173a",
    "https://deno.land/std@0.224.0/yaml/schema/core.ts": "0a37c07710e3df4eb4edc02f4edf623bf8df5af72b34d8a7c0229d0bac2a7043",
    "https://deno.land/std@0.224.0/yaml/schema/default.ts": "1367fd30420c7071ecc67e5b470838474e8259aaf64460f314af4b6bd8da497c",
    "https://deno.land/std@0.224.0/yaml/schema/extended.ts": "248180c22697f37ed173057eae62ce4879865bb59f30c4908d698bed5edcc7c5",
    "https://deno.land/std@0.224.0/yaml/schema/failsafe.ts": "0ac1cae5b86d8fe2c83ad0a17f8adc33106a452b7139f84e4b0bfaee2206730e",
    "https://deno.land/std@0.224.0/yaml/schema/json.ts": "a0228a0c0bad7dece17ab848774fcadc2ccb5e51775c2d58d21d486917ba3ba1",
    "https://deno.land/std@0.224.0/yaml/schema/mod.ts": "0e1558a4823834f106675e48ddc15338e04f6f18469d1a7d6b3f0e1ab06abcb2",
    "https://deno.land/std@0.224.0/yaml/stringify.ts": "f0ed4e419cb40c807cf79ae4039d6cdf492be9a947121fff4d4b7cd1d4738bae",
    "https://deno.land/std@0.224.0/yaml/type.ts": "708dde5f20b01cc1096489b7155b6af79a217d585afb841128e78c3c2391eb5c",
    "https://esm.sh/highlight.js@11.10.0": "603e19435cb0b5cf11e32378d098802e7bc7ece1ff18ed4f261b0297fc0115b7",
    "https://esm.sh/highlight.js@11.10.0/denonext/highlight.mjs": "6d0b33370afa1916673021ec101cd73bbd508e6a30dd6575fb17af6ea097ea9a",
    "https://esm.sh/highlight.js@11.10.0/denonext/lib/core.mjs": "91ddf4071a8d88770869b4431e0012131b581f550c9de438d5039a6c69cc83f2",
    "https://esm.sh/highlight.js@11.10.0/denonext/lib/languages/1c.mjs": "07dd21ced13e471970e12d055d9741b3cddc3a72f2f0b2f9cfdc874f632d2f3a",
    "https://esm.sh/highlight.js@11.10.0/denonext/lib/languages/abnf.mjs": "fbf180bf542f97830a9ba4524dc8d09e857e359fd0c61195f33657c3f913f463",
    "https://esm.sh/highlight.js@11.10.0/denonext/lib/languages/accesslog.mjs": "0d8d9a99a2d58aac0454b39b961666dae23ee23c834fae365a8e73fe363d5534",
    "https://esm.sh/highlight.js@11.10.0/denonext/lib/languages/actionscript.mjs": "b2b4ca8449aac801873ff31d4be7d784c3f1532223b06b567b7d698c1c4c5194",
    "https://esm.sh/highlight.js@11.10.0/denonext/lib/languages/ada.mjs": "6eb6935b11492b294fa453a8c840de333abd1eeaa474b7e199afa6b6343d5953",
    "https://esm.sh/highlight.js@11.10.0/denonext/lib/languages/angelscript.mjs": "46a390f41c1fb4990d8d17ef11c1ee007383fef71b47fd5e9bbf69f33898725b",
    "https://esm.sh/highlight.js@11.10.0/denonext/lib/languages/apache.mjs": "16d511867b79f2cd0f5e32d9541366a2bf51869e7e3047c9a8db9deac63d194f",
    "https://esm.sh/highlight.js@11.10.0/denonext/lib/languages/applescript.mjs": "e0500d64097b2dc127d57a63278e33cd2d63a60b47f0c839ad3faf35685bf9c0",
    "https://esm.sh/highlight.js@11.10.0/denonext/lib/languages/arcade.mjs": "18fbdb1e2ef265f87a108095d88420900a178694171c47eb1095ced1ee155791",
    "https://esm.sh/highlight.js@11.10.0/denonext/lib/languages/arduino.mjs": "2779c8799ce298ee7654129b5a2eb08fed07c36a340481a1d19eeb7cdb4159a3",
    "https://esm.sh/highlight.js@11.10.0/denonext/lib/languages/armasm.mjs": "d1e44e1dbc148c897e6ddc46f065c676aa5fa67aa4abff1e3095dfb34ef8f2bd",
    "https://esm.sh/highlight.js@11.10.0/denonext/lib/languages/asciidoc.mjs": "9f30cfb4cf7d8f90a735f4924737b3b6f671888b2e76aae69fa3c195ad8bb9c1",
    "https://esm.sh/highlight.js@11.10.0/denonext/lib/languages/aspectj.mjs": "3a32ae73b32d54368100ba4fa91bf06acf943af9df2b3e4b35f45bfb9b2da1d9",
    "https://esm.sh/highlight.js@11.10.0/denonext/lib/languages/autohotkey.mjs": "60d2e40647f6f652ffec55d08614cef9e86237748fc1c77020de5b0627ab318f",
    "https://esm.sh/highlight.js@11.10.0/denonext/lib/languages/autoit.mjs": "859400e8b11bfa76682fa49c548b3aeeb5e0c079d8ee4cba69fd15e96ee8c38d",
    "https://esm.sh/highlight.js@11.10.0/denonext/lib/languages/avrasm.mjs": "fc42cd66c187e301b21cfb2ca64fe55cd4a17664da8dcc95234ecefe752ce25f",
    "https://esm.sh/highlight.js@11.10.0/denonext/lib/languages/awk.mjs": "fb485abe69b59becd9ce6004e915f973241969a40671d8a507770d80227af05f",
    "https://esm.sh/highlight.js@11.10.0/denonext/lib/languages/axapta.mjs": "45cb9d3293fad07e4a7863438b7f9a521cd9c421f400cb54a7e861cd150fcd4b",
    "https://esm.sh/highlight.js@11.10.0/denonext/lib/languages/bash.mjs": "d6b5f7b29bf28de0cf2edbd978ef3e8261cff98625f63dfd0ab36ffe2aad4a52",
    "https://esm.sh/highlight.js@11.10.0/denonext/lib/languages/basic.mjs": "3b9261cc9f7b8fe7c8a0517dc112b8352a772b5b501fe2672a947a9c171ca15b",
    "https://esm.sh/highlight.js@11.10.0/denonext/lib/languages/bnf.mjs": "cfbf7a7b40760c21c6a155a2125a76b458a9846633cac3c1ef07fb9de9891a4e",
    "https://esm.sh/highlight.js@11.10.0/denonext/lib/languages/brainfuck.mjs": "c0718866c769eadea25a492f0d1b4d7ecb559bb1f29a79077f0666112c54967c",
    "https://esm.sh/highlight.js@11.10.0/denonext/lib/languages/c.mjs": "2bfa8b9ca12b8e410d2608a9e886cb720396994cf642fa586a3812fb871f7158",
    "https://esm.sh/highlight.js@11.10.0/denonext/lib/languages/cal.mjs": "4c1297870021210f0aacac657db712efcf522f6510d589d3f6047869f00af1ce",
    "https://esm.sh/highlight.js@11.10.0/denonext/lib/languages/capnproto.mjs": "5c44364bdecb16218ff8c28dcabd2a641b44aadb6b47476fe272bb81a1c5562d",
    "https://esm.sh/highlight.js@11.10.0/denonext/lib/languages/ceylon.mjs": "76033e601ebd4d64fb370716351fe3edff4d7205e597c3bc87293b98cdf3229b",
    "https://esm.sh/highlight.js@11.10.0/denonext/lib/languages/clean.mjs": "5aed17c330a2175fc49a169489ea4f4cc276d3cd1bc4e002f0a15bb2f02d8001",
    "https://esm.sh/highlight.js@11.10.0/denonext/lib/languages/clojure-repl.mjs": "27191a5fe6503d56aa9ee8e7e85651f3c6c6f9e137126dcde1ddaa666455a9dc",
    "https://esm.sh/highlight.js@11.10.0/denonext/lib/languages/clojure.mjs": "99b0f971cfb1407bddc44ee406d313a55210eaae4b16da4f2214594b37307869",
    "https://esm.sh/highlight.js@11.10.0/denonext/lib/languages/cmake.mjs": "ec7c4ec84d4119f1e5663ac33c0c47bc0a8830364e0f0c99e8fefdd516a76ee0",
    "https://esm.sh/highlight.js@11.10.0/denonext/lib/languages/coffeescript.mjs": "246cafc80e825d6cfb825e0dc7ed42a67b2ee9c6049b4ac1eeac91f19fb4428e",
    "https://esm.sh/highlight.js@11.10.0/denonext/lib/languages/coq.mjs": "20806c2d2056aa1b98fd8f6145a5098f5a0987f7a1bd90897baa42b3090ccdfb",
    "https://esm.sh/highlight.js@11.10.0/denonext/lib/languages/cos.mjs": "4fc74083382a16c3f379e5642661ef65863f4b8b697df800b9cb273cec26ad4d",
    "https://esm.sh/highlight.js@11.10.0/denonext/lib/languages/cpp.mjs": "f15118ec0e09a83397dde272652dd87cf0d94fc98244ea34348b6a2d1b4d1e44",
    "https://esm.sh/highlight.js@11.10.0/denonext/lib/languages/crmsh.mjs": "f7ed6c91acb7e42f09ac0a32a83f2e13252b27dfcbd6181515a7b7a831a6dd99",
    "https://esm.sh/highlight.js@11.10.0/denonext/lib/languages/crystal.mjs": "c92665ec78e67fd6a9cef517c28e4af53e2a20544a5214f472b84608c4ef0a4d",
    "https://esm.sh/highlight.js@11.10.0/denonext/lib/languages/csharp.mjs": "f9e5a8ef6b3c33477c595edbc061b9715309b2f8b48ade17ee8069e060112abe",
    "https://esm.sh/highlight.js@11.10.0/denonext/lib/languages/csp.mjs": "a306c01e03530249904e58caa48a0e6250378f073c94061698749a720fe80f84",
    "https://esm.sh/highlight.js@11.10.0/denonext/lib/languages/css.mjs": "3f48e426a2a38b384af57e044d914d2a7137f3c68c0a59f2dc1bb23a9bf90f1e",
    "https://esm.sh/highlight.js@11.10.0/denonext/lib/languages/d.mjs": "4c644d7f36094954f51776cdad8c09d017eb41af483b834a87b55342f47751c5",
    "https://esm.sh/highlight.js@11.10.0/denonext/lib/languages/dart.mjs": "ea87610ef0ed83d7d8bc7e78995ea6c29e306e3736a4af15bb6c9a3c725e0894",
    "https://esm.sh/highlight.js@11.10.0/denonext/lib/languages/delphi.mjs": "d64a059d0b1bc7beede0097031b32a8cae9fbc440b9475639af27f4d5890bae5",
    "https://esm.sh/highlight.js@11.10.0/denonext/lib/languages/diff.mjs": "e7a0e96b30c9c30905f4600a16946eb94aa92e87031e4c9d7544df2805572da2",
    "https://esm.sh/highlight.js@11.10.0/denonext/lib/languages/django.mjs": "031b553565a1bed1b3d7692aa99c9899ca2e57ef4c6bde1cfa51bf7db279e772",
    "https://esm.sh/highlight.js@11.10.0/denonext/lib/languages/dns.mjs": "e1128d770868c2c7aa8f468686e06af9c85bad04f43b2fc0cbc79ca81666c43e",
    "https://esm.sh/highlight.js@11.10.0/denonext/lib/languages/dockerfile.mjs": "67110fe8ed28244e30b5041abfd514fb3fdc8f397a44f2bf4e48490c92150ec7",
    "https://esm.sh/highlight.js@11.10.0/denonext/lib/languages/dos.mjs": "3e9395547d2bcaf134cbb78951408012ac0fd194c5485951f8da2b9d0b049fda",
    "https://esm.sh/highlight.js@11.10.0/denonext/lib/languages/dsconfig.mjs": "86c548c108d6283f3a34116d9e84d7beb1e543ecefd4df7df49fe25f6b5b5f4d",
    "https://esm.sh/highlight.js@11.10.0/denonext/lib/languages/dts.mjs": "ad09572447ee15041783c8585ab4652e4f893b92fb89fca9f967012af73a7366",
    "https://esm.sh/highlight.js@11.10.0/denonext/lib/languages/dust.mjs": "afff86fd1d242583411888b8ee287da21bf800fb16f2f5572bf15250d0f50711",
    "https://esm.sh/highlight.js@11.10.0/denonext/lib/languages/ebnf.mjs": "1da65032c4f610af8f10bbe00c0226712184fd54f2219a031ddae69b1f1591be",
    "https://esm.sh/highlight.js@11.10.0/denonext/lib/languages/elixir.mjs": "6a514b89a460c630aaf4239b5df3ac3ecd3a32c6f0e97ce952587445d82136ed",
    "https://esm.sh/highlight.js@11.10.0/denonext/lib/languages/elm.mjs": "02a70194a188eb0de01255f547749d0e126a74de9367623ae15dbdea3d6a49ab",
    "https://esm.sh/highlight.js@11.10.0/denonext/lib/languages/erb.mjs": "f0a2927215cff0f200f4d876a39803b2079ec4b0875d5d0d1948fc127abf1575",
    "https://esm.sh/highlight.js@11.10.0/denonext/lib/languages/erlang-repl.mjs": "582d13733112ae591586bf1bce675487adb3b3a10132b6d98bffa660c19b7f23",
    "https://esm.sh/highlight.js@11.10.0/denonext/lib/languages/erlang.mjs": "396c48561b35bd1ff6a884dbc993bbf675110e068aa3e017ad5a7d60d9e00c3b",
    "https://esm.sh/highlight.js@11.10.0/denonext/lib/languages/excel.mjs": "3518ccadbbe81c60af5d9867d7b792a6afa3f5facaa8bcb74c088aebcc8048a3",
    "https://esm.sh/highlight.js@11.10.0/denonext/lib/languages/fix.mjs": "3039ecdd9f9e9b5acba96fde5c62941aafb05ce6c51c396aa8aa1c0b46089027",
    "https://esm.sh/highlight.js@11.10.0/denonext/lib/languages/flix.mjs": "a2c672451851611ef4b71328d5bcb53d5bccf831512308b7abb151aa491f3213",
    "https://esm.sh/highlight.js@11.10.0/denonext/lib/languages/fortran.mjs": "561cbf4e811aecd6c3f31709aa21cd0e12e71db91cfdcafb6b8a50feae0bbbcc",
    "https://esm.sh/highlight.js@11.10.0/denonext/lib/languages/fsharp.mjs": "f5b4956c35dd3d783aa7937c753aade4588a464a5ef96ed65d89abb27eeeaa94",
    "https://esm.sh/highlight.js@11.10.0/denonext/lib/languages/gams.mjs": "afa1d00ef8c25683c1047edf920b880dce5adaf2e0972d6ef34970bb4d5b3678",
    "https://esm.sh/highlight.js@11.10.0/denonext/lib/languages/gauss.mjs": "f73e3ee7b5ed8bf99c632fcc6538766cefc269b9cf953b3afaa02c09cfbe784c",
    "https://esm.sh/highlight.js@11.10.0/denonext/lib/languages/gcode.mjs": "8db6a662b3cb8604d0a250a719160628ad6b9571cf0eb4298da9d8e1e1433a28",
    "https://esm.sh/highlight.js@11.10.0/denonext/lib/languages/gherkin.mjs": "8b35ef1f7015f50b798f6b5fad9a4a69860ca226d9a069d4094420f04f1ce656",
    "https://esm.sh/highlight.js@11.10.0/denonext/lib/languages/glsl.mjs": "cd80334a1a0dd56b908b4b25b6e7889bfa6517ac94a37c04cea797f029cffeca",
    "https://esm.sh/highlight.js@11.10.0/denonext/lib/languages/gml.mjs": "e36d140ec2e82b3c01c9cabf78a7b91d41fd4d12e79242769eb7165351180ee9",
    "https://esm.sh/highlight.js@11.10.0/denonext/lib/languages/go.mjs": "30eb15715226e81651b31327265cef0b77f60dbfdb42f9d81c1c88b0f4ed5651",
    "https://esm.sh/highlight.js@11.10.0/denonext/lib/languages/golo.mjs": "120061ea1d3335fe3f02b9c9b982b630154bfa49023bfe83060e15b9818e5154",
    "https://esm.sh/highlight.js@11.10.0/denonext/lib/languages/gradle.mjs": "dbc2333e523abf53a6d65646ddfa52d1f8640981290e7674202089ed05f1e4d2",
    "https://esm.sh/highlight.js@11.10.0/denonext/lib/languages/graphql.mjs": "7afb7750687e83e197b975bb0890cbc59d0a338a4a405c931f9cdf945b5ba900",
    "https://esm.sh/highlight.js@11.10.0/denonext/lib/languages/groovy.mjs": "4559033c6409166f4cfe769ad0d6e38c12e54806d0273736691ceb5b2fafbe5e",
    "https://esm.sh/highlight.js@11.10.0/denonext/lib/languages/haml.mjs": "efc1ecc4c5094f5991c08265e8f4814b3986a034d1b8700bb0dc38fcded72234",
    "https://esm.sh/highlight.js@11.10.0/denonext/lib/languages/handlebars.mjs": "eea963c0773fe45be7d4f78f101ddf771bd33557de4fb49a5cf3113d2831f9f7",
    "https://esm.sh/highlight.js@11.10.0/denonext/lib/languages/haskell.mjs": "731fe06d7dd7901d4b3056a99593f9ffd03f2ecc82cc9ec96a8b496c946055fd",
    "https://esm.sh/highlight.js@11.10.0/denonext/lib/languages/haxe.mjs": "fe1dd2447dccac3677888bd0268e244a6f8fe15ad5245b498974155ee289152c",
    "https://esm.sh/highlight.js@11.10.0/denonext/lib/languages/hsp.mjs": "c378fd02ae066c07d2bb2abaec1fedf4baeb9b8de597821fab2b23d87566f497",
    "https://esm.sh/highlight.js@11.10.0/denonext/lib/languages/http.mjs": "369811e4f6dfc99d9706b0986bed2f50b3d442c5fe0e868c7ad1c1d91d172fa2",
    "https://esm.sh/highlight.js@11.10.0/denonext/lib/languages/hy.mjs": "2ec1ebd826e76f3943466f3d1d92701a9e9f2cd8a0aee1b79b2376f0c5343125",
    "https://esm.sh/highlight.js@11.10.0/denonext/lib/languages/inform7.mjs": "375693e81f77a76153c221e53b04c8adde45079a8b14fd6597cee406b0ba9cd9",
    "https://esm.sh/highlight.js@11.10.0/denonext/lib/languages/ini.mjs": "48ddbf21cd1ec6629c063364e3000a57c244ac49781f8c0ef82193123103ad70",
    "https://esm.sh/highlight.js@11.10.0/denonext/lib/languages/irpf90.mjs": "d54f0b5beca4adfb5da51a520c69e33e0a252147c6475de96db0036bae8b9bce",
    "https://esm.sh/highlight.js@11.10.0/denonext/lib/languages/isbl.mjs": "891db1c30a503d385204a0787fec395a20be688b37ccca428acc5bb839461e8a",
    "https://esm.sh/highlight.js@11.10.0/denonext/lib/languages/java.mjs": "9a5b1b0018c66aa939b66f102118badea27d19611796b3cbf9d5ddc6c713a18b",
    "https://esm.sh/highlight.js@11.10.0/denonext/lib/languages/javascript.mjs": "4084f752ba067fab908997cbd2782b493e8e13d1e012cdd55a579d6d3c827606",
    "https://esm.sh/highlight.js@11.10.0/denonext/lib/languages/jboss-cli.mjs": "96f1637b48a8c78cfaf9894d45e41a9868045b3564de15ea12bf46db11f80b0b",
    "https://esm.sh/highlight.js@11.10.0/denonext/lib/languages/json.mjs": "6c353fc7ff034ec5126d07604ccc88f31b415b7270a892cdea8926bd19a2e661",
    "https://esm.sh/highlight.js@11.10.0/denonext/lib/languages/julia-repl.mjs": "e7e6322d0fcd58044325bf49fd77ea290f52ba130644e217304ff0fe6b323d4e",
    "https://esm.sh/highlight.js@11.10.0/denonext/lib/languages/julia.mjs": "780b1c0eccb985557c9a75c26c35e9617eaf3a4b8207fc37c0c59a73f274c8b3",
    "https://esm.sh/highlight.js@11.10.0/denonext/lib/languages/kotlin.mjs": "9ab32f38818b1f5fc590c23e77f631438dc16746eac512ec2e063f61eff6910b",
    "https://esm.sh/highlight.js@11.10.0/denonext/lib/languages/lasso.mjs": "3ada682ce3e355ad03d029f60e76b6fbdc78d8bc7f7c752c7afe14adbced9270",
    "https://esm.sh/highlight.js@11.10.0/denonext/lib/languages/latex.mjs": "9b826e9d27c7cf079852b983c68c82f9b38845320d29a1beff63682308325554",
    "https://esm.sh/highlight.js@11.10.0/denonext/lib/languages/ldif.mjs": "ad34a43e34bd2b9a5f0ecf250e53a47801dcee2a73e5aaf46c3cf1bc1ec92017",
    "https://esm.sh/highlight.js@11.10.0/denonext/lib/languages/leaf.mjs": "51dd2a213543e5f389a2f6286d378ccef4e7fa2000669611f6bb144513c4b06a",
    "https://esm.sh/highlight.js@11.10.0/denonext/lib/languages/less.mjs": "a74a669de6094a70dbbfc8e1093eef34b5d207041819169c7688de24a6488ea0",
    "https://esm.sh/highlight.js@11.10.0/denonext/lib/languages/lisp.mjs": "b655a162b7366d4e18a066afc2b8f33d5a4e1246188e13245eee537295b8f273",
    "https://esm.sh/highlight.js@11.10.0/denonext/lib/languages/livecodeserver.mjs": "d9906f6810ea1c14588368c3467f5a1b7ce4578c09393db1c8d35be9ff6db90d",
    "https://esm.sh/highlight.js@11.10.0/denonext/lib/languages/livescript.mjs": "f1ab42b0626443c59a28a7a26682bf6571f2a8f1de50871259de05c2a6286e0e",
    "https://esm.sh/highlight.js@11.10.0/denonext/lib/languages/llvm.mjs": "937d4f9701ca2937aa1a9cf9fe4c9a1a0cf41139e54f615fb833f0cb77aa5506",
    "https://esm.sh/highlight.js@11.10.0/denonext/lib/languages/lsl.mjs": "2c92181f4c97b213ef6050fb7d3b5f4932d4513c3c2a7478cf52c63cbcdea4a3",
    "https://esm.sh/highlight.js@11.10.0/denonext/lib/languages/lua.mjs": "9ab738e902886300c083742c2d04762981b8a6c1351bec026a64df5acdf679a1",
    "https://esm.sh/highlight.js@11.10.0/denonext/lib/languages/makefile.mjs": "e23932ebb728f5c9afb174d8aac64f2fd76ab3c5c98e8dbf7f884d628641a9a0",
    "https://esm.sh/highlight.js@11.10.0/denonext/lib/languages/markdown.mjs": "d69bc41635d46e25ccbe945cc2f295618643fe5de346520e4953e0a199bbfbb7",
    "https://esm.sh/highlight.js@11.10.0/denonext/lib/languages/mathematica.mjs": "e73f3a293fea25d22fb6b5365e6cc68ccdbd121803e57d70510a2c192ad9421b",
    "https://esm.sh/highlight.js@11.10.0/denonext/lib/languages/matlab.mjs": "209d04cdc31c23d4eae42673a13ba5d24caa50bb54b5c6b8fd78efc31c951889",
    "https://esm.sh/highlight.js@11.10.0/denonext/lib/languages/maxima.mjs": "7bae815277447c7f179b12f08674672e1121d37daaecf52581eae14aa3a03e4d",
    "https://esm.sh/highlight.js@11.10.0/denonext/lib/languages/mel.mjs": "94060da0579b068582d66852942b5512651883045b251267eb8212c4e0801f34",
    "https://esm.sh/highlight.js@11.10.0/denonext/lib/languages/mercury.mjs": "6d7c4325e99239b3114e729d716da62d48684b26296c62cd18e2bafa850b6481",
    "https://esm.sh/highlight.js@11.10.0/denonext/lib/languages/mipsasm.mjs": "f9fda8ebc132e45c54bcc561096c62ea57d46d1307e6547b633d9e920dc82d0d",
    "https://esm.sh/highlight.js@11.10.0/denonext/lib/languages/mizar.mjs": "cd372a86fc9e5d3ac83f2af7589adf55aa07f204162261cd0d058d0008365a8c",
    "https://esm.sh/highlight.js@11.10.0/denonext/lib/languages/mojolicious.mjs": "b27d1e5fa55558169297e65b3f4546510f3e493543368eacda61a227bdd27fe5",
    "https://esm.sh/highlight.js@11.10.0/denonext/lib/languages/monkey.mjs": "7d3cd038c21913b772d02959f3b9d299a1e6f0878b09169c6294be7ece8ab23b",
    "https://esm.sh/highlight.js@11.10.0/denonext/lib/languages/moonscript.mjs": "ee82cf9d0865ce8b1dc933623fcea5dfdeb26ec48331b827ecff062ee8e19f64",
    "https://esm.sh/highlight.js@11.10.0/denonext/lib/languages/n1ql.mjs": "fb4d6d8e67920486e04d64a52d111abb796035b614f779f6d2f7777b74fa4d9d",
    "https://esm.sh/highlight.js@11.10.0/denonext/lib/languages/nestedtext.mjs": "1d08ae18f43b47f1536c06e796a72828b28dac5f2b10c6d487ab91b4dcd9b38b",
    "https://esm.sh/highlight.js@11.10.0/denonext/lib/languages/nginx.mjs": "5697e4f2dc6063cef82c796403ab429c47673238a82fc8f69ae294fde0a80867",
    "https://esm.sh/highlight.js@11.10.0/denonext/lib/languages/nim.mjs": "2e69a230ae9cd0b67ffef0ca83804430b6ab59d8f941a692ebf4974507b370a3",
    "https://esm.sh/highlight.js@11.10.0/denonext/lib/languages/nix.mjs": "ffe1b230f6883bda87d41880cd8ce6993fb7349c19c2aec92314118981683807",
    "https://esm.sh/highlight.js@11.10.0/denonext/lib/languages/node-repl.mjs": "b457dcc786302cf4395cb323c39b2bd79e03f5a6f9f999a1629f8f7ff3605a37",
    "https://esm.sh/highlight.js@11.10.0/denonext/lib/languages/nsis.mjs": "99fb4024682d0f1c74967323a6a17c4b4be40efde83bc3fc63336d4b2f100d25",
    "https://esm.sh/highlight.js@11.10.0/denonext/lib/languages/objectivec.mjs": "91588a95356595478d757d12b428a5e5a57fad71f1d0408a6577352030e2a3fc",
    "https://esm.sh/highlight.js@11.10.0/denonext/lib/languages/ocaml.mjs": "980f9b2542e25cf2f6dd31dc13ac255f8023c6f9d93419692fb2d5294d5d2dce",
    "https://esm.sh/highlight.js@11.10.0/denonext/lib/languages/openscad.mjs": "293c6e1b58514697ea53ff47088f1d3b1bf68d17ae2c5915733e7980cb62f211",
    "https://esm.sh/highlight.js@11.10.0/denonext/lib/languages/oxygene.mjs": "feed340b5899b05d1c8e3511341713889c0435bb5225b46066f095b94cc4b0f1",
    "https://esm.sh/highlight.js@11.10.0/denonext/lib/languages/parser3.mjs": "d0ff154dafabc6942ce3e7125138ef13e26a9ec88206961e9f10a1fb9cabaa43",
    "https://esm.sh/highlight.js@11.10.0/denonext/lib/languages/perl.mjs": "ef999243c16c6e30a3af5dafd8e7208f57e82611d9095675186b71d42517c78d",
    "https://esm.sh/highlight.js@11.10.0/denonext/lib/languages/pf.mjs": "5507177f35dc86e844a1a7e239abe8be8f8460f280a7017d70498107dc9e0abd",
    "https://esm.sh/highlight.js@11.10.0/denonext/lib/languages/pgsql.mjs": "68f13d4eaeb0206d35199f3e2f132168bc01398755827520f0a497a81cbea954",
    "https://esm.sh/highlight.js@11.10.0/denonext/lib/languages/php-template.mjs": "4692bc26dbd9ef52687e210beec3f10e8f709389b3a4108efc83fe0cc0bbc10a",
    "https://esm.sh/highlight.js@11.10.0/denonext/lib/languages/php.mjs": "cf07c38ce8b011e52dc733834797aeb9f2dca70c6a04d6724d193e0ffec97526",
    "https://esm.sh/highlight.js@11.10.0/denonext/lib/languages/plaintext.mjs": "93e19af275f3813bd8ca78e5d585266d47ae92ade009e0ecf1cc9b4fcd19ac36",
    "https://esm.sh/highlight.js@11.10.0/denonext/lib/languages/pony.mjs": "e8b9374ffe29f591d62c9f86c5f12ac01e5b8e21304decd0f90f0104089a5e3b",
    "https://esm.sh/highlight.js@11.10.0/denonext/lib/languages/powershell.mjs": "44f154553ffe7f1231b3bba7f094b68a130a4b5bb40ca740c3de59ffe1940eff",
    "https://esm.sh/highlight.js@11.10.0/denonext/lib/languages/processing.mjs": "4b22efd95cefe6171a07fe95dbad120e3019f492982c8c30cd40e0a1fa84c84f",
    "https://esm.sh/highlight.js@11.10.0/denonext/lib/languages/profile.mjs": "24701ed099ca0d29ac6be5f2df40f79b901cc2102cbca7d62a4bd6ddaf2bf4c0",
    "https://esm.sh/highlight.js@11.10.0/denonext/lib/languages/prolog.mjs": "072a66616ec3bf5427632f689f83a0fb9208f405ef3d844e94f4118ae6baebe9",
    "https://esm.sh/highlight.js@11.10.0/denonext/lib/languages/properties.mjs": "a127b76f918c8ca1f52d7f6b140ffe082232f41e6f95071bf35efa46fb0a02ca",
    "https://esm.sh/highlight.js@11.10.0/denonext/lib/languages/protobuf.mjs": "ec8bfd6fb99635a51e5dfc97bd299e7f46434c3a19c732bcf1e09a71a3511539",
    "https://esm.sh/highlight.js@11.10.0/denonext/lib/languages/puppet.mjs": "1007ae34b139c9202dc88aa805744fd3880a2db45396b8878ff9049b9c4ad260",
    "https://esm.sh/highlight.js@11.10.0/denonext/lib/languages/purebasic.mjs": "1a7f8fd8c16c2edaf3635f7d481a83faa74c61e6316c2da8ca6d913125bdd298",
    "https://esm.sh/highlight.js@11.10.0/denonext/lib/languages/python-repl.mjs": "fd7a06609a2455ae0c4fe8debb17c92704cde9a1741d8f48f0e15b57bf28353c",
    "https://esm.sh/highlight.js@11.10.0/denonext/lib/languages/python.mjs": "d8d987fa6dabdc434ddf9f2a16801b08bb9cde68b673aa681392b378726d91f8",
    "https://esm.sh/highlight.js@11.10.0/denonext/lib/languages/q.mjs": "d1b639549c5348fc95b081b0484f2d71c34d5e4449c2c80e767c8a2d80812ce2",
    "https://esm.sh/highlight.js@11.10.0/denonext/lib/languages/qml.mjs": "eedf5cc9aec7e3711f590e42b1c90276fe911293e4fe1023d92ced86012c915e",
    "https://esm.sh/highlight.js@11.10.0/denonext/lib/languages/r.mjs": "633a99b363a4ea847e15b4d5df364d8557fb23bfe3bb6790368a18da8d402f21",
    "https://esm.sh/highlight.js@11.10.0/denonext/lib/languages/reasonml.mjs": "bb0f59bba44ba1a856b9dcc0bc5a45ecb6c61a0ab0a2a9b7e1938dbae79dc5e4",
    "https://esm.sh/highlight.js@11.10.0/denonext/lib/languages/rib.mjs": "8c6c6bfc44d1d77f76a046c1cd437a028389cc6fe9b4a2c61b4446b3fa8135a2",
    "https://esm.sh/highlight.js@11.10.0/denonext/lib/languages/roboconf.mjs": "30f4a04bd7526d5069d3cf3bf052cf751f50874c984b1c69c33accb38e4cbf1e",
    "https://esm.sh/highlight.js@11.10.0/denonext/lib/languages/routeros.mjs": "6170697668c25054ee0ad8fc670dd217feada3bd696dbf4a6c61602cd0a6e3d5",
    "https://esm.sh/highlight.js@11.10.0/denonext/lib/languages/rsl.mjs": "b92a24aaf53ca853a4fba88ebdaf7116352007ff10eff74d045b2b3e6e9fc203",
    "https://esm.sh/highlight.js@11.10.0/denonext/lib/languages/ruby.mjs": "ef6760ef5c4d7c2d80294bf65716ea169f4c54c3961531be355f3272c674d7e4",
    "https://esm.sh/highlight.js@11.10.0/denonext/lib/languages/ruleslanguage.mjs": "b60eb3db65560b75815ce0341fda671637dab5267a99a7119c75a6435b4edfcc",
    "https://esm.sh/highlight.js@11.10.0/denonext/lib/languages/rust.mjs": "09b1bda934b6e8a1e4e93c16630d862b48ee55774fe057ed9e3df999f048fe0f",
    "https://esm.sh/highlight.js@11.10.0/denonext/lib/languages/sas.mjs": "f04806e45bc022db99eef051c8790a5929e0bfde6e6d7a1a21e61ac753dfc051",
    "https://esm.sh/highlight.js@11.10.0/denonext/lib/languages/scala.mjs": "78d71cb18117985330bbbd4a1b2f2dfeafc03452bf232d274e8709c7845ce15b",
    "https://esm.sh/highlight.js@11.10.0/denonext/lib/languages/scheme.mjs": "e536062ccbd4b1500e91469267bf6360a87a2205e3576d5a229b9b769f1539b4",
    "https://esm.sh/highlight.js@11.10.0/denonext/lib/languages/scilab.mjs": "df65adb763afff117afdc385f0ddd26a824661efc4b3aebc9e4c9d5d7d776c8f",
    "https://esm.sh/highlight.js@11.10.0/denonext/lib/languages/scss.mjs": "fe5cc5c0ac50f4d7c0039e0b94981344313472e0c6f0c4508a49d6d095c58c1e",
    "https://esm.sh/highlight.js@11.10.0/denonext/lib/languages/shell.mjs": "920c931ad4a81165918a7ea888481d6d40387bc7d9b79a77b247dd36f1cdcdcc",
    "https://esm.sh/highlight.js@11.10.0/denonext/lib/languages/smali.mjs": "5ea4362e05619792cb5acea100aff4eba6ae940152026798fddfd3859496d3ef",
    "https://esm.sh/highlight.js@11.10.0/denonext/lib/languages/smalltalk.mjs": "39527a96b42438600c431a5ee4edfb6d3f0937e9f4564835e4753fdb5627cdcb",
    "https://esm.sh/highlight.js@11.10.0/denonext/lib/languages/sml.mjs": "8b5afca1ed454616621d93b5dafc356991993217bab0247712dd8faaeb6e280e",
    "https://esm.sh/highlight.js@11.10.0/denonext/lib/languages/sqf.mjs": "67fddea6adaa5718732b9ff549c859918296190fdeff35b0f5325e6f4b3ad97a",
    "https://esm.sh/highlight.js@11.10.0/denonext/lib/languages/sql.mjs": "00fa3865fcc997f5ec21acb5adcfe75cf4b85e05b0940077efa9dfe79d21dfc6",
    "https://esm.sh/highlight.js@11.10.0/denonext/lib/languages/stan.mjs": "57f42b035a5efcd3ce56bfa0ebeca1d3879c92892d343fa4d1ea2e3763c90661",
    "https://esm.sh/highlight.js@11.10.0/denonext/lib/languages/stata.mjs": "9dc4c901b10e64c0ba0b6c102c148430c3e1730d3c4e119c0d4198c246c50ab1",
    "https://esm.sh/highlight.js@11.10.0/denonext/lib/languages/step21.mjs": "ba7d59412cf946108e4659b83c55b54f406dd3902c704277e68dcef098a7db5d",
    "https://esm.sh/highlight.js@11.10.0/denonext/lib/languages/stylus.mjs": "7e6eb3de7bbbcab098cb4265591337c97658d0c53faa591e9ff434e018661b2f",
    "https://esm.sh/highlight.js@11.10.0/denonext/lib/languages/subunit.mjs": "d921ce6666dc0f8f193452a1ebb7d1f3f62fb5711e6d36be6aa7f4bc70ba62c7",
    "https://esm.sh/highlight.js@11.10.0/denonext/lib/languages/swift.mjs": "ea883d7daafb3c0c2ab687bd42e7a725fb31ffc1b0005785c569c551e59b47b6",
    "https://esm.sh/highlight.js@11.10.0/denonext/lib/languages/taggerscript.mjs": "1c9aa1a703a5ffd827be9f5bdb9f1c143f00849973bb0eec99130ac02169e7d5",
    "https://esm.sh/highlight.js@11.10.0/denonext/lib/languages/tap.mjs": "16a453dd145cdfa7052879b5c06144837377a90c1dde4e7a194a28359c27bfb4",
    "https://esm.sh/highlight.js@11.10.0/denonext/lib/languages/tcl.mjs": "3e14d4419b30d5f5fd98cc10ab2e4d5634f91e220bc15197602f0dbf92d0014c",
    "https://esm.sh/highlight.js@11.10.0/denonext/lib/languages/thrift.mjs": "6ea79bbf6ef114e1bd292ff56969454b89f1c3960291c7f199b72c3b6e8a1556",
    "https://esm.sh/highlight.js@11.10.0/denonext/lib/languages/tp.mjs": "f340edeafd790c1e33830211d03aa9bcfd87ee846a4986a98ea64dca19c4b51c",
    "https://esm.sh/highlight.js@11.10.0/denonext/lib/languages/twig.mjs": "7390c8afba87040a21bf7322512f75ec4bc3080e3fc38f138037df60fcf5dd28",
    "https://esm.sh/highlight.js@11.10.0/denonext/lib/languages/typescript.mjs": "545b82f199f8b0e45fbd362ece4edb6141eb9ddf18c4f09267e0387b701e4cde",
    "https://esm.sh/highlight.js@11.10.0/denonext/lib/languages/vala.mjs": "b023bea3e25dbe73702a0905d18b62b7b1b30fd62aafa6679a6ede2a843ef87d",
    "https://esm.sh/highlight.js@11.10.0/denonext/lib/languages/vbnet.mjs": "c0941a434388469d0f66c48e3aed24487814115e7fc7d4d3bfa9ce118caeb028",
    "https://esm.sh/highlight.js@11.10.0/denonext/lib/languages/vbscript-html.mjs": "2532f6862c500a7df5d170e3361062a87445b80ed4f46d4ac96c0056d2b5838f",
    "https://esm.sh/highlight.js@11.10.0/denonext/lib/languages/vbscript.mjs": "70cdc6da1e0d033ee2c7fb6e9592bd7593ab843f11da6b05567490fa7b3ace8d",
    "https://esm.sh/highlight.js@11.10.0/denonext/lib/languages/verilog.mjs": "5e9e00cd950d53c60bc3e83e1880f0a8519b10e0a0d6a0a0dee03d99f6477c73",
    "https://esm.sh/highlight.js@11.10.0/denonext/lib/languages/vhdl.mjs": "b8dd7ae53095d2687b4ec2b7609fe762aee6f2088beff72c00a362fad6399d1b",
    "https://esm.sh/highlight.js@11.10.0/denonext/lib/languages/vim.mjs": "62d525ad3cebcaa46939da1ccb478d4493075e8188ac40658249226c89abc38f",
    "https://esm.sh/highlight.js@11.10.0/denonext/lib/languages/wasm.mjs": "84ae451e181fbe17a2f7bf4bee81d0d9b7e6da497feffdbf1d362b897305ee5f",
    "https://esm.sh/highlight.js@11.10.0/denonext/lib/languages/wren.mjs": "453c5c0f9891ddcaedd72f4a1296f7c2d7c5450bdfb4420ee72eb9ceb4f2fe47",
    "https://esm.sh/highlight.js@11.10.0/denonext/lib/languages/x86asm.mjs": "2b53d91a1624185fc94f270d1231f276eb4352fa67922072cd2d65a049f16eef",
    "https://esm.sh/highlight.js@11.10.0/denonext/lib/languages/xl.mjs": "5cf2325b7744ca303d629af1adc17398665c8b7c4eea56873151f034e51111f7",
    "https://esm.sh/highlight.js@11.10.0/denonext/lib/languages/xml.mjs": "9e606dd10c34ea1c03e6669495c49601980d4bc65f0a6be12cc552b25d97bec9",
    "https://esm.sh/highlight.js@11.10.0/denonext/lib/languages/xquery.mjs": "3d4fbec903662a1ae723da6f3d04da1fd4db078e090a3c581aca2c2384f8c61f",
    "https://esm.sh/highlight.js@11.10.0/denonext/lib/languages/yaml.mjs": "a786239e23694d0c573fd5138bd34649dcc7566bb7d5616d9cd9a462526a08de",
    "https://esm.sh/highlight.js@11.10.0/denonext/lib/languages/zephir.mjs": "14a5bf64972ef9ee20adc40d21fa8bf0542d808036059d5fce7d44b6c446d3c5",
    "https://esm.sh/marked-highlight@2.1.4": "be5d4cd1d6fd285f4733a2c3afe3bab2e66af25544fa231d80cc4eccf9019d82",
    "https://esm.sh/marked-highlight@2.1.4/denonext/marked-highlight.mjs": "c206e7e831752945ed64b19e0f155a3808b7ca31673bf3a96d9f54e580a01a95",
    "https://esm.sh/marked@15.0.11": "a8ea18a5e0709a6251094001492d0d0ca7d08fa4811d2a46af768314fef15010",
    "https://esm.sh/marked@15.0.11/denonext/marked.mjs": "3a2798b830c1a399e6629bb11b7f007b08e5e83cdba558d2d7901c921cee6058",
    "https://esm.sh/marked@15.0.12": "30e6aaf750baf27699feb1eff5233c9ebf50796201416008c15cfe799e6fa4b4",
    "https://esm.sh/marked@15.0.12/denonext/marked.mjs": "5d8e995396a2595354a1d1c85c4975e05ef4927cad25769ed346578b17bbeec2"
  },
  "workspace": {
    "dependencies": [
      "jsr:@srdjan/mixon@^1.0.2",
      "npm:mono-jsx@~0.6.6"
    ]
  }
}
